{
  "name": "sumit-component-library",
  "version": "2.0.5",
  "lockfileVersion": 2,
  "requires": true,
  "packages": {
    "": {
      "name": "sumit-component-library",
      "version": "2.0.5",
      "dependencies": {
        "react": "^19.0.0",
        "react-dom": "^19.0.0"
      },
      "devDependencies": {
        "@rollup/plugin-commonjs": "^28.0.3",
        "@rollup/plugin-node-resolve": "^16.0.1",
        "@rollup/plugin-typescript": "^12.1.2",
        "@types/react": "^19.0.12",
        "rollup": "^4.36.0",
        "tslib": "^2.8.1",
        "typescript": "^5.8.2"
      }
    },
    "node_modules/@jridgewell/sourcemap-codec": {
      "version": "1.5.0",
      "resolved": "https://artifactory.corp.adobe.com/artifactory/api/npm/npm-adobe-release/@jridgewell/sourcemap-codec/-/sourcemap-codec-1.5.0.tgz",
      "integrity": "sha512-gv3ZRaISU3fjPAgNsriBRqGWQL6quFx04YMPW/zD8XMLsU32mhCCbfbO6KZFLjvYpCZ8zyDEgqsgf+PwPaM7GQ==",
      "dev": true
    },
    "node_modules/@rollup/plugin-commonjs": {
      "version": "28.0.3",
      "resolved": "https://artifactory.corp.adobe.com/artifactory/api/npm/npm-adobe-release/@rollup/plugin-commonjs/-/plugin-commonjs-28.0.3.tgz",
      "integrity": "sha512-pyltgilam1QPdn+Zd9gaCfOLcnjMEJ9gV+bTw6/r73INdvzf1ah9zLIJBm+kW7R6IUFIQ1YO+VqZtYxZNWFPEQ==",
      "dev": true,
      "dependencies": {
        "@rollup/pluginutils": "^5.0.1",
        "commondir": "^1.0.1",
        "estree-walker": "^2.0.2",
        "fdir": "^6.2.0",
        "is-reference": "1.2.1",
        "magic-string": "^0.30.3",
        "picomatch": "^4.0.2"
      },
      "engines": {
        "node": ">=16.0.0 || 14 >= 14.17"
      },
      "peerDependencies": {
        "rollup": "^2.68.0||^3.0.0||^4.0.0"
      },
      "peerDependenciesMeta": {
        "rollup": {
          "optional": true
        }
      }
    },
    "node_modules/@rollup/plugin-node-resolve": {
      "version": "16.0.1",
      "resolved": "https://artifactory.corp.adobe.com/artifactory/api/npm/npm-adobe-release/@rollup/plugin-node-resolve/-/plugin-node-resolve-16.0.1.tgz",
      "integrity": "sha512-tk5YCxJWIG81umIvNkSod2qK5KyQW19qcBF/B78n1bjtOON6gzKoVeSzAE8yHCZEDmqkHKkxplExA8KzdJLJpA==",
      "dev": true,
      "dependencies": {
        "@rollup/pluginutils": "^5.0.1",
        "@types/resolve": "1.20.2",
        "deepmerge": "^4.2.2",
        "is-module": "^1.0.0",
        "resolve": "^1.22.1"
      },
      "engines": {
        "node": ">=14.0.0"
      },
      "peerDependencies": {
        "rollup": "^2.78.0||^3.0.0||^4.0.0"
      },
      "peerDependenciesMeta": {
        "rollup": {
          "optional": true
        }
      }
    },
    "node_modules/@rollup/plugin-typescript": {
      "version": "12.1.2",
      "resolved": "https://artifactory.corp.adobe.com/artifactory/api/npm/npm-adobe-release/@rollup/plugin-typescript/-/plugin-typescript-12.1.2.tgz",
      "integrity": "sha512-cdtSp154H5sv637uMr1a8OTWB0L1SWDSm1rDGiyfcGcvQ6cuTs4MDk2BVEBGysUWago4OJN4EQZqOTl/QY3Jgg==",
      "dev": true,
      "dependencies": {
        "@rollup/pluginutils": "^5.1.0",
        "resolve": "^1.22.1"
      },
      "engines": {
        "node": ">=14.0.0"
      },
      "peerDependencies": {
        "rollup": "^2.14.0||^3.0.0||^4.0.0",
        "tslib": "*",
        "typescript": ">=3.7.0"
      },
      "peerDependenciesMeta": {
        "rollup": {
          "optional": true
        },
        "tslib": {
          "optional": true
        }
      }
    },
    "node_modules/@rollup/pluginutils": {
      "version": "5.1.4",
      "resolved": "https://artifactory.corp.adobe.com/artifactory/api/npm/npm-adobe-release/@rollup/pluginutils/-/pluginutils-5.1.4.tgz",
      "integrity": "sha512-USm05zrsFxYLPdWWq+K3STlWiT/3ELn3RcV5hJMghpeAIhxfsUIg6mt12CBJBInWMV4VneoV7SfGv8xIwo2qNQ==",
      "dev": true,
      "dependencies": {
        "@types/estree": "^1.0.0",
        "estree-walker": "^2.0.2",
        "picomatch": "^4.0.2"
      },
      "engines": {
        "node": ">=14.0.0"
      },
      "peerDependencies": {
        "rollup": "^1.20.0||^2.0.0||^3.0.0||^4.0.0"
      },
      "peerDependenciesMeta": {
        "rollup": {
          "optional": true
        }
      }
    },
    "node_modules/@rollup/rollup-android-arm-eabi": {
      "version": "4.36.0",
      "resolved": "https://artifactory.corp.adobe.com/artifactory/api/npm/npm-adobe-release/@rollup/rollup-android-arm-eabi/-/rollup-android-arm-eabi-4.36.0.tgz",
      "integrity": "sha512-jgrXjjcEwN6XpZXL0HUeOVGfjXhPyxAbbhD0BlXUB+abTOpbPiN5Wb3kOT7yb+uEtATNYF5x5gIfwutmuBA26w==",
      "dev": true,
      "optional": true
    },
    "node_modules/@rollup/rollup-android-arm64": {
      "version": "4.36.0",
      "resolved": "https://artifactory.corp.adobe.com/artifactory/api/npm/npm-adobe-release/@rollup/rollup-android-arm64/-/rollup-android-arm64-4.36.0.tgz",
      "integrity": "sha512-NyfuLvdPdNUfUNeYKUwPwKsE5SXa2J6bCt2LdB/N+AxShnkpiczi3tcLJrm5mA+eqpy0HmaIY9F6XCa32N5yzg==",
      "dev": true,
      "optional": true
    },
    "node_modules/@rollup/rollup-darwin-arm64": {
      "version": "4.36.0",
      "resolved": "https://artifactory.corp.adobe.com/artifactory/api/npm/npm-adobe-release/@rollup/rollup-darwin-arm64/-/rollup-darwin-arm64-4.36.0.tgz",
      "integrity": "sha512-JQ1Jk5G4bGrD4pWJQzWsD8I1n1mgPXq33+/vP4sk8j/z/C2siRuxZtaUA7yMTf71TCZTZl/4e1bfzwUmFb3+rw==",
      "dev": true,
      "optional": true
    },
    "node_modules/@rollup/rollup-darwin-x64": {
      "version": "4.36.0",
      "resolved": "https://artifactory.corp.adobe.com/artifactory/api/npm/npm-adobe-release/@rollup/rollup-darwin-x64/-/rollup-darwin-x64-4.36.0.tgz",
      "integrity": "sha512-6c6wMZa1lrtiRsbDziCmjE53YbTkxMYhhnWnSW8R/yqsM7a6mSJ3uAVT0t8Y/DGt7gxUWYuFM4bwWk9XCJrFKA==",
      "dev": true,
      "optional": true
    },
    "node_modules/@rollup/rollup-freebsd-arm64": {
      "version": "4.36.0",
      "resolved": "https://artifactory.corp.adobe.com/artifactory/api/npm/npm-adobe-release/@rollup/rollup-freebsd-arm64/-/rollup-freebsd-arm64-4.36.0.tgz",
      "integrity": "sha512-KXVsijKeJXOl8QzXTsA+sHVDsFOmMCdBRgFmBb+mfEb/7geR7+C8ypAml4fquUt14ZyVXaw2o1FWhqAfOvA4sg==",
      "dev": true,
      "optional": true
    },
    "node_modules/@rollup/rollup-freebsd-x64": {
      "version": "4.36.0",
      "resolved": "https://artifactory.corp.adobe.com/artifactory/api/npm/npm-adobe-release/@rollup/rollup-freebsd-x64/-/rollup-freebsd-x64-4.36.0.tgz",
      "integrity": "sha512-dVeWq1ebbvByI+ndz4IJcD4a09RJgRYmLccwlQ8bPd4olz3Y213uf1iwvc7ZaxNn2ab7bjc08PrtBgMu6nb4pQ==",
      "dev": true,
      "optional": true
    },
    "node_modules/@rollup/rollup-linux-arm-gnueabihf": {
      "version": "4.36.0",
      "resolved": "https://artifactory.corp.adobe.com/artifactory/api/npm/npm-adobe-release/@rollup/rollup-linux-arm-gnueabihf/-/rollup-linux-arm-gnueabihf-4.36.0.tgz",
      "integrity": "sha512-bvXVU42mOVcF4le6XSjscdXjqx8okv4n5vmwgzcmtvFdifQ5U4dXFYaCB87namDRKlUL9ybVtLQ9ztnawaSzvg==",
      "dev": true,
      "optional": true
    },
    "node_modules/@rollup/rollup-linux-arm-musleabihf": {
      "version": "4.36.0",
      "resolved": "https://artifactory.corp.adobe.com/artifactory/api/npm/npm-adobe-release/@rollup/rollup-linux-arm-musleabihf/-/rollup-linux-arm-musleabihf-4.36.0.tgz",
      "integrity": "sha512-JFIQrDJYrxOnyDQGYkqnNBtjDwTgbasdbUiQvcU8JmGDfValfH1lNpng+4FWlhaVIR4KPkeddYjsVVbmJYvDcg==",
      "dev": true,
      "optional": true
    },
    "node_modules/@rollup/rollup-linux-arm64-gnu": {
      "version": "4.36.0",
      "resolved": "https://artifactory.corp.adobe.com/artifactory/api/npm/npm-adobe-release/@rollup/rollup-linux-arm64-gnu/-/rollup-linux-arm64-gnu-4.36.0.tgz",
      "integrity": "sha512-KqjYVh3oM1bj//5X7k79PSCZ6CvaVzb7Qs7VMWS+SlWB5M8p3FqufLP9VNp4CazJ0CsPDLwVD9r3vX7Ci4J56A==",
      "dev": true,
      "optional": true
    },
    "node_modules/@rollup/rollup-linux-arm64-musl": {
      "version": "4.36.0",
      "resolved": "https://artifactory.corp.adobe.com/artifactory/api/npm/npm-adobe-release/@rollup/rollup-linux-arm64-musl/-/rollup-linux-arm64-musl-4.36.0.tgz",
      "integrity": "sha512-QiGnhScND+mAAtfHqeT+cB1S9yFnNQ/EwCg5yE3MzoaZZnIV0RV9O5alJAoJKX/sBONVKeZdMfO8QSaWEygMhw==",
      "dev": true,
      "optional": true
    },
    "node_modules/@rollup/rollup-linux-loongarch64-gnu": {
      "version": "4.36.0",
      "resolved": "https://artifactory.corp.adobe.com/artifactory/api/npm/npm-adobe-release/@rollup/rollup-linux-loongarch64-gnu/-/rollup-linux-loongarch64-gnu-4.36.0.tgz",
      "integrity": "sha512-1ZPyEDWF8phd4FQtTzMh8FQwqzvIjLsl6/84gzUxnMNFBtExBtpL51H67mV9xipuxl1AEAerRBgBwFNpkw8+Lg==",
      "dev": true,
      "optional": true
    },
    "node_modules/@rollup/rollup-linux-powerpc64le-gnu": {
      "version": "4.36.0",
      "resolved": "https://artifactory.corp.adobe.com/artifactory/api/npm/npm-adobe-release/@rollup/rollup-linux-powerpc64le-gnu/-/rollup-linux-powerpc64le-gnu-4.36.0.tgz",
      "integrity": "sha512-VMPMEIUpPFKpPI9GZMhJrtu8rxnp6mJR3ZzQPykq4xc2GmdHj3Q4cA+7avMyegXy4n1v+Qynr9fR88BmyO74tg==",
      "dev": true,
      "optional": true
    },
    "node_modules/@rollup/rollup-linux-riscv64-gnu": {
      "version": "4.36.0",
      "resolved": "https://artifactory.corp.adobe.com/artifactory/api/npm/npm-adobe-release/@rollup/rollup-linux-riscv64-gnu/-/rollup-linux-riscv64-gnu-4.36.0.tgz",
      "integrity": "sha512-ttE6ayb/kHwNRJGYLpuAvB7SMtOeQnVXEIpMtAvx3kepFQeowVED0n1K9nAdraHUPJ5hydEMxBpIR7o4nrm8uA==",
      "dev": true,
      "optional": true
    },
    "node_modules/@rollup/rollup-linux-s390x-gnu": {
      "version": "4.36.0",
      "resolved": "https://artifactory.corp.adobe.com/artifactory/api/npm/npm-adobe-release/@rollup/rollup-linux-s390x-gnu/-/rollup-linux-s390x-gnu-4.36.0.tgz",
      "integrity": "sha512-4a5gf2jpS0AIe7uBjxDeUMNcFmaRTbNv7NxI5xOCs4lhzsVyGR/0qBXduPnoWf6dGC365saTiwag8hP1imTgag==",
      "dev": true,
      "optional": true
    },
    "node_modules/@rollup/rollup-linux-x64-gnu": {
      "version": "4.36.0",
      "resolved": "https://artifactory.corp.adobe.com/artifactory/api/npm/npm-adobe-release/@rollup/rollup-linux-x64-gnu/-/rollup-linux-x64-gnu-4.36.0.tgz",
      "integrity": "sha512-5KtoW8UWmwFKQ96aQL3LlRXX16IMwyzMq/jSSVIIyAANiE1doaQsx/KRyhAvpHlPjPiSU/AYX/8m+lQ9VToxFQ==",
      "dev": true,
      "optional": true
    },
    "node_modules/@rollup/rollup-linux-x64-musl": {
      "version": "4.36.0",
      "resolved": "https://artifactory.corp.adobe.com/artifactory/api/npm/npm-adobe-release/@rollup/rollup-linux-x64-musl/-/rollup-linux-x64-musl-4.36.0.tgz",
      "integrity": "sha512-sycrYZPrv2ag4OCvaN5js+f01eoZ2U+RmT5as8vhxiFz+kxwlHrsxOwKPSA8WyS+Wc6Epid9QeI/IkQ9NkgYyQ==",
      "dev": true,
      "optional": true
    },
    "node_modules/@rollup/rollup-win32-arm64-msvc": {
      "version": "4.36.0",
      "resolved": "https://artifactory.corp.adobe.com/artifactory/api/npm/npm-adobe-release/@rollup/rollup-win32-arm64-msvc/-/rollup-win32-arm64-msvc-4.36.0.tgz",
      "integrity": "sha512-qbqt4N7tokFwwSVlWDsjfoHgviS3n/vZ8LK0h1uLG9TYIRuUTJC88E1xb3LM2iqZ/WTqNQjYrtmtGmrmmawB6A==",
      "dev": true,
      "optional": true
    },
    "node_modules/@rollup/rollup-win32-ia32-msvc": {
      "version": "4.36.0",
      "resolved": "https://artifactory.corp.adobe.com/artifactory/api/npm/npm-adobe-release/@rollup/rollup-win32-ia32-msvc/-/rollup-win32-ia32-msvc-4.36.0.tgz",
      "integrity": "sha512-t+RY0JuRamIocMuQcfwYSOkmdX9dtkr1PbhKW42AMvaDQa+jOdpUYysroTF/nuPpAaQMWp7ye+ndlmmthieJrQ==",
      "dev": true,
      "optional": true
    },
    "node_modules/@rollup/rollup-win32-x64-msvc": {
      "version": "4.36.0",
      "resolved": "https://artifactory.corp.adobe.com/artifactory/api/npm/npm-adobe-release/@rollup/rollup-win32-x64-msvc/-/rollup-win32-x64-msvc-4.36.0.tgz",
      "integrity": "sha512-aRXd7tRZkWLqGbChgcMMDEHjOKudo1kChb1Jt1IfR8cY/KIpgNviLeJy5FUb9IpSuQj8dU2fAYNMPW/hLKOSTw==",
      "dev": true,
      "optional": true
    },
    "node_modules/@types/estree": {
      "version": "1.0.6",
      "resolved": "https://artifactory.corp.adobe.com/artifactory/api/npm/npm-adobe-release/@types/estree/-/estree-1.0.6.tgz",
      "integrity": "sha512-AYnb1nQyY49te+VRAVgmzfcgjYS91mY5P0TKUDCLEM+gNnA+3T6rWITXRLYCpahpqSQbN5cE+gHpnPyXjHWxcw==",
      "dev": true
    },
    "node_modules/@types/react": {
      "version": "19.0.12",
      "resolved": "https://artifactory.corp.adobe.com/artifactory/api/npm/npm-adobe-release/@types/react/-/react-19.0.12.tgz",
      "integrity": "sha512-V6Ar115dBDrjbtXSrS+/Oruobc+qVbbUxDFC1RSbRqLt5SYvxxyIDrSC85RWml54g+jfNeEMZhEj7wW07ONQhA==",
      "dev": true,
      "dependencies": {
        "csstype": "^3.0.2"
      }
    },
    "node_modules/@types/resolve": {
      "version": "1.20.2",
      "resolved": "https://artifactory.corp.adobe.com/artifactory/api/npm/npm-adobe-release/@types/resolve/-/resolve-1.20.2.tgz",
      "integrity": "sha512-60BCwRFOZCQhDncwQdxxeOEEkbc5dIMccYLwbxsS4TUNeVECQ/pBJ0j09mrHOl/JJvpRPGwO9SvE4nR2Nb/a4Q==",
      "dev": true
    },
    "node_modules/commondir": {
      "version": "1.0.1",
      "resolved": "https://artifactory.corp.adobe.com/artifactory/api/npm/npm-adobe-release/commondir/-/commondir-1.0.1.tgz",
      "integrity": "sha512-W9pAhw0ja1Edb5GVdIF1mjZw/ASI0AlShXM83UUGe2DVr5TdAPEA1OA8m/g8zWp9x6On7gqufY+FatDbC3MDQg==",
      "dev": true
    },
    "node_modules/csstype": {
      "version": "3.1.3",
      "resolved": "https://artifactory.corp.adobe.com/artifactory/api/npm/npm-adobe-release/csstype/-/csstype-3.1.3.tgz",
      "integrity": "sha512-M1uQkMl8rQK/szD0LNhtqxIPLpimGm8sOBwU7lLnCpSbTyY3yeU1Vc7l4KT5zT4s/yOxHH5O7tIuuLOCnLADRw==",
      "dev": true
    },
    "node_modules/deepmerge": {
      "version": "4.3.1",
      "resolved": "https://artifactory.corp.adobe.com/artifactory/api/npm/npm-adobe-release/deepmerge/-/deepmerge-4.3.1.tgz",
      "integrity": "sha512-3sUqbMEc77XqpdNO7FRyRog+eW3ph+GYCbj+rK+uYyRMuwsVy0rMiVtPn+QJlKFvWP/1PYpapqYn0Me2knFn+A==",
      "dev": true,
      "engines": {
        "node": ">=0.10.0"
      }
    },
    "node_modules/estree-walker": {
      "version": "2.0.2",
      "resolved": "https://artifactory.corp.adobe.com/artifactory/api/npm/npm-adobe-release/estree-walker/-/estree-walker-2.0.2.tgz",
      "integrity": "sha512-Rfkk/Mp/DL7JVje3u18FxFujQlTNR2q6QfMSMB7AvCBx91NGj/ba3kCfza0f6dVDbw7YlRf/nDrn7pQrCCyQ/w==",
      "dev": true
    },
    "node_modules/fdir": {
      "version": "6.4.3",
      "resolved": "https://artifactory.corp.adobe.com/artifactory/api/npm/npm-adobe-release/fdir/-/fdir-6.4.3.tgz",
      "integrity": "sha512-PMXmW2y1hDDfTSRc9gaXIuCCRpuoz3Kaz8cUelp3smouvfT632ozg2vrT6lJsHKKOF59YLbOGfAWGUcKEfRMQw==",
      "dev": true,
      "peerDependencies": {
        "picomatch": "^3 || ^4"
      },
      "peerDependenciesMeta": {
        "picomatch": {
          "optional": true
        }
      }
    },
    "node_modules/fsevents": {
      "version": "2.3.3",
      "resolved": "https://artifactory.corp.adobe.com/artifactory/api/npm/npm-adobe-release/fsevents/-/fsevents-2.3.3.tgz",
      "integrity": "sha512-5xoDfX+fL7faATnagmWPpbFtwh/R77WmMMqqHGS65C3vvB0YHrgF+B1YmZ3441tMj5n63k0212XNoJwzlhffQw==",
      "dev": true,
      "hasInstallScript": true,
      "optional": true,
      "engines": {
        "node": "^8.16.0 || ^10.6.0 || >=11.0.0"
      }
    },
    "node_modules/function-bind": {
      "version": "1.1.2",
      "resolved": "https://artifactory.corp.adobe.com/artifactory/api/npm/npm-adobe-release/function-bind/-/function-bind-1.1.2.tgz",
      "integrity": "sha512-7XHNxH7qX9xG5mIwxkhumTox/MIRNcOgDrxWsMt2pAr23WHp6MrRlN7FBSFpCpr+oVO0F744iUgR82nJMfG2SA==",
      "dev": true
    },
    "node_modules/hasown": {
      "version": "2.0.2",
      "resolved": "https://artifactory.corp.adobe.com/artifactory/api/npm/npm-adobe-release/hasown/-/hasown-2.0.2.tgz",
      "integrity": "sha512-0hJU9SCPvmMzIBdZFqNPXWa6dqh7WdH0cII9y+CyS8rG3nL48Bclra9HmKhVVUHyPWNH5Y7xDwAB7bfgSjkUMQ==",
      "dev": true,
      "dependencies": {
        "function-bind": "^1.1.2"
      },
      "engines": {
        "node": ">= 0.4"
      }
    },
    "node_modules/is-core-module": {
      "version": "2.16.1",
      "resolved": "https://artifactory.corp.adobe.com/artifactory/api/npm/npm-adobe-release/is-core-module/-/is-core-module-2.16.1.tgz",
      "integrity": "sha512-UfoeMA6fIJ8wTYFEUjelnaGI67v6+N7qXJEvQuIGa99l4xsCruSYOVSQ0uPANn4dAzm8lkYPaKLrrijLq7x23w==",
      "dev": true,
      "dependencies": {
        "hasown": "^2.0.2"
      },
      "engines": {
        "node": ">= 0.4"
      }
    },
    "node_modules/is-module": {
      "version": "1.0.0",
      "resolved": "https://artifactory.corp.adobe.com/artifactory/api/npm/npm-adobe-release/is-module/-/is-module-1.0.0.tgz",
      "integrity": "sha512-51ypPSPCoTEIN9dy5Oy+h4pShgJmPCygKfyRCISBI+JoWT/2oJvK8QPxmwv7b/p239jXrm9M1mlQbyKJ5A152g==",
      "dev": true
    },
    "node_modules/is-reference": {
      "version": "1.2.1",
      "resolved": "https://artifactory.corp.adobe.com/artifactory/api/npm/npm-adobe-release/is-reference/-/is-reference-1.2.1.tgz",
      "integrity": "sha512-U82MsXXiFIrjCK4otLT+o2NA2Cd2g5MLoOVXUZjIOhLurrRxpEXzI8O0KZHr3IjLvlAH1kTPYSuqer5T9ZVBKQ==",
      "dev": true,
      "dependencies": {
        "@types/estree": "*"
      }
    },
    "node_modules/magic-string": {
      "version": "0.30.17",
      "resolved": "https://artifactory.corp.adobe.com/artifactory/api/npm/npm-adobe-release/magic-string/-/magic-string-0.30.17.tgz",
      "integrity": "sha512-sNPKHvyjVf7gyjwS4xGTaW/mCnF8wnjtifKBEhxfZ7E/S8tQ0rssrwGNn6q8JH/ohItJfSQp9mBtQYuTlH5QnA==",
      "dev": true,
      "dependencies": {
        "@jridgewell/sourcemap-codec": "^1.5.0"
      }
    },
    "node_modules/path-parse": {
      "version": "1.0.7",
      "resolved": "https://artifactory.corp.adobe.com/artifactory/api/npm/npm-adobe-release/path-parse/-/path-parse-1.0.7.tgz",
      "integrity": "sha512-LDJzPVEEEPR+y48z93A0Ed0yXb8pAByGWo/k5YYdYgpY2/2EsOsksJrq7lOHxryrVOn1ejG6oAp8ahvOIQD8sw==",
      "dev": true
    },
    "node_modules/picomatch": {
      "version": "4.0.2",
      "resolved": "https://artifactory.corp.adobe.com/artifactory/api/npm/npm-adobe-release/picomatch/-/picomatch-4.0.2.tgz",
      "integrity": "sha512-M7BAV6Rlcy5u+m6oPhAPFgJTzAioX/6B0DxyvDlo9l8+T3nLKbrczg2WLUyzd45L8RqfUMyGPzekbMvX2Ldkwg==",
      "dev": true,
      "engines": {
        "node": ">=12"
      }
    },
    "node_modules/react": {
      "version": "19.0.0",
      "resolved": "https://artifactory.corp.adobe.com/artifactory/api/npm/npm-adobe-release/react/-/react-19.0.0.tgz",
      "integrity": "sha512-V8AVnmPIICiWpGfm6GLzCR/W5FXLchHop40W4nXBmdlEceh16rCN8O8LNWm5bh5XUX91fh7KpA+W0TgMKmgTpQ==",
      "engines": {
        "node": ">=0.10.0"
      }
    },
    "node_modules/react-dom": {
      "version": "19.0.0",
      "resolved": "https://artifactory.corp.adobe.com/artifactory/api/npm/npm-adobe-release/react-dom/-/react-dom-19.0.0.tgz",
      "integrity": "sha512-4GV5sHFG0e/0AD4X+ySy6UJd3jVl1iNsNHdpad0qhABJ11twS3TTBnseqsKurKcsNqCEFeGL3uLpVChpIO3QfQ==",
      "dependencies": {
        "scheduler": "^0.25.0"
      },
      "peerDependencies": {
        "react": "^19.0.0"
      }
    },
    "node_modules/resolve": {
      "version": "1.22.10",
      "resolved": "https://artifactory.corp.adobe.com/artifactory/api/npm/npm-adobe-release/resolve/-/resolve-1.22.10.tgz",
      "integrity": "sha512-NPRy+/ncIMeDlTAsuqwKIiferiawhefFJtkNSW0qZJEqMEb+qBt/77B/jGeeek+F0uOeN05CDa6HXbbIgtVX4w==",
      "dev": true,
      "dependencies": {
        "is-core-module": "^2.16.0",
        "path-parse": "^1.0.7",
        "supports-preserve-symlinks-flag": "^1.0.0"
      },
      "bin": {
        "resolve": "bin/resolve"
      },
      "engines": {
        "node": ">= 0.4"
      }
    },
    "node_modules/rollup": {
      "version": "4.36.0",
      "resolved": "https://artifactory.corp.adobe.com/artifactory/api/npm/npm-adobe-release/rollup/-/rollup-4.36.0.tgz",
      "integrity": "sha512-zwATAXNQxUcd40zgtQG0ZafcRK4g004WtEl7kbuhTWPvf07PsfohXl39jVUvPF7jvNAIkKPQ2XrsDlWuxBd++Q==",
      "dev": true,
      "dependencies": {
        "@types/estree": "1.0.6"
      },
      "bin": {
        "rollup": "dist/bin/rollup"
      },
      "engines": {
        "node": ">=18.0.0",
        "npm": ">=8.0.0"
      },
      "optionalDependencies": {
        "@rollup/rollup-android-arm-eabi": "4.36.0",
        "@rollup/rollup-android-arm64": "4.36.0",
        "@rollup/rollup-darwin-arm64": "4.36.0",
        "@rollup/rollup-darwin-x64": "4.36.0",
        "@rollup/rollup-freebsd-arm64": "4.36.0",
        "@rollup/rollup-freebsd-x64": "4.36.0",
        "@rollup/rollup-linux-arm-gnueabihf": "4.36.0",
        "@rollup/rollup-linux-arm-musleabihf": "4.36.0",
        "@rollup/rollup-linux-arm64-gnu": "4.36.0",
        "@rollup/rollup-linux-arm64-musl": "4.36.0",
        "@rollup/rollup-linux-loongarch64-gnu": "4.36.0",
        "@rollup/rollup-linux-powerpc64le-gnu": "4.36.0",
        "@rollup/rollup-linux-riscv64-gnu": "4.36.0",
        "@rollup/rollup-linux-s390x-gnu": "4.36.0",
        "@rollup/rollup-linux-x64-gnu": "4.36.0",
        "@rollup/rollup-linux-x64-musl": "4.36.0",
        "@rollup/rollup-win32-arm64-msvc": "4.36.0",
        "@rollup/rollup-win32-ia32-msvc": "4.36.0",
        "@rollup/rollup-win32-x64-msvc": "4.36.0",
        "fsevents": "~2.3.2"
      }
    },
    "node_modules/scheduler": {
      "version": "0.25.0",
      "resolved": "https://artifactory.corp.adobe.com/artifactory/api/npm/npm-adobe-release/scheduler/-/scheduler-0.25.0.tgz",
      "integrity": "sha512-xFVuu11jh+xcO7JOAGJNOXld8/TcEHK/4CituBUeUb5hqxJLj9YuemAEuvm9gQ/+pgXYfbQuqAkiYu+u7YEsNA=="
    },
    "node_modules/supports-preserve-symlinks-flag": {
      "version": "1.0.0",
      "resolved": "https://artifactory.corp.adobe.com/artifactory/api/npm/npm-adobe-release/supports-preserve-symlinks-flag/-/supports-preserve-symlinks-flag-1.0.0.tgz",
      "integrity": "sha512-ot0WnXS9fgdkgIcePe6RHNk1WA8+muPa6cSjeR3V8K27q9BB1rTE3R1p7Hv0z1ZyAc8s6Vvv8DIyWf681MAt0w==",
      "dev": true,
      "engines": {
        "node": ">= 0.4"
      }
    },
    "node_modules/tslib": {
      "version": "2.8.1",
      "resolved": "https://artifactory.corp.adobe.com/artifactory/api/npm/npm-adobe-release/tslib/-/tslib-2.8.1.tgz",
      "integrity": "sha512-oJFu94HQb+KVduSUQL7wnpmqnfmLsOA/nAh6b6EH0wCEoK0/mPeXU6c3wKDV83MkOuHPRHtSXKKU99IBazS/2w==",
      "dev": true
    },
    "node_modules/typescript": {
      "version": "5.8.2",
      "resolved": "https://artifactory.corp.adobe.com/artifactory/api/npm/npm-adobe-release/typescript/-/typescript-5.8.2.tgz",
      "integrity": "sha512-aJn6wq13/afZp/jT9QZmwEjDqqvSGp1VT5GVg+f/t6/oVyrgXM6BY1h9BRh/O5p3PlUPAe+WuiEZOmb/49RqoQ==",
      "dev": true,
      "bin": {
        "tsc": "bin/tsc",
        "tsserver": "bin/tsserver"
      },
      "engines": {
        "node": ">=14.17"
      }
    }
  },
  "dependencies": {
    "@jridgewell/sourcemap-codec": {
      "version": "1.5.0",
      "resolved": "https://artifactory.corp.adobe.com/artifactory/api/npm/npm-adobe-release/@jridgewell/sourcemap-codec/-/sourcemap-codec-1.5.0.tgz",
      "integrity": "sha512-gv3ZRaISU3fjPAgNsriBRqGWQL6quFx04YMPW/zD8XMLsU32mhCCbfbO6KZFLjvYpCZ8zyDEgqsgf+PwPaM7GQ==",
      "dev": true
    },
    "@rollup/plugin-commonjs": {
      "version": "28.0.3",
      "resolved": "https://artifactory.corp.adobe.com/artifactory/api/npm/npm-adobe-release/@rollup/plugin-commonjs/-/plugin-commonjs-28.0.3.tgz",
      "integrity": "sha512-pyltgilam1QPdn+Zd9gaCfOLcnjMEJ9gV+bTw6/r73INdvzf1ah9zLIJBm+kW7R6IUFIQ1YO+VqZtYxZNWFPEQ==",
      "dev": true,
      "requires": {
        "@rollup/pluginutils": "^5.0.1",
        "commondir": "^1.0.1",
        "estree-walker": "^2.0.2",
        "fdir": "^6.2.0",
        "is-reference": "1.2.1",
        "magic-string": "^0.30.3",
        "picomatch": "^4.0.2"
      }
    },
    "@rollup/plugin-node-resolve": {
      "version": "16.0.1",
      "resolved": "https://artifactory.corp.adobe.com/artifactory/api/npm/npm-adobe-release/@rollup/plugin-node-resolve/-/plugin-node-resolve-16.0.1.tgz",
      "integrity": "sha512-tk5YCxJWIG81umIvNkSod2qK5KyQW19qcBF/B78n1bjtOON6gzKoVeSzAE8yHCZEDmqkHKkxplExA8KzdJLJpA==",
      "dev": true,
      "requires": {
        "@rollup/pluginutils": "^5.0.1",
        "@types/resolve": "1.20.2",
        "deepmerge": "^4.2.2",
        "is-module": "^1.0.0",
        "resolve": "^1.22.1"
      }
    },
    "@rollup/plugin-typescript": {
      "version": "12.1.2",
      "resolved": "https://artifactory.corp.adobe.com/artifactory/api/npm/npm-adobe-release/@rollup/plugin-typescript/-/plugin-typescript-12.1.2.tgz",
      "integrity": "sha512-cdtSp154H5sv637uMr1a8OTWB0L1SWDSm1rDGiyfcGcvQ6cuTs4MDk2BVEBGysUWago4OJN4EQZqOTl/QY3Jgg==",
      "dev": true,
      "requires": {
        "@rollup/pluginutils": "^5.1.0",
        "resolve": "^1.22.1"
      }
    },
    "@rollup/pluginutils": {
      "version": "5.1.4",
      "resolved": "https://artifactory.corp.adobe.com/artifactory/api/npm/npm-adobe-release/@rollup/pluginutils/-/pluginutils-5.1.4.tgz",
      "integrity": "sha512-USm05zrsFxYLPdWWq+K3STlWiT/3ELn3RcV5hJMghpeAIhxfsUIg6mt12CBJBInWMV4VneoV7SfGv8xIwo2qNQ==",
      "dev": true,
      "requires": {
        "@types/estree": "^1.0.0",
        "estree-walker": "^2.0.2",
        "picomatch": "^4.0.2"
      }
    },
    "@rollup/rollup-android-arm-eabi": {
      "version": "4.36.0",
      "resolved": "https://artifactory.corp.adobe.com/artifactory/api/npm/npm-adobe-release/@rollup/rollup-android-arm-eabi/-/rollup-android-arm-eabi-4.36.0.tgz",
      "integrity": "sha512-jgrXjjcEwN6XpZXL0HUeOVGfjXhPyxAbbhD0BlXUB+abTOpbPiN5Wb3kOT7yb+uEtATNYF5x5gIfwutmuBA26w==",
      "dev": true,
      "optional": true
    },
    "@rollup/rollup-android-arm64": {
      "version": "4.36.0",
      "resolved": "https://artifactory.corp.adobe.com/artifactory/api/npm/npm-adobe-release/@rollup/rollup-android-arm64/-/rollup-android-arm64-4.36.0.tgz",
      "integrity": "sha512-NyfuLvdPdNUfUNeYKUwPwKsE5SXa2J6bCt2LdB/N+AxShnkpiczi3tcLJrm5mA+eqpy0HmaIY9F6XCa32N5yzg==",
      "dev": true,
      "optional": true
    },
    "@rollup/rollup-darwin-arm64": {
      "version": "4.36.0",
      "resolved": "https://artifactory.corp.adobe.com/artifactory/api/npm/npm-adobe-release/@rollup/rollup-darwin-arm64/-/rollup-darwin-arm64-4.36.0.tgz",
      "integrity": "sha512-JQ1Jk5G4bGrD4pWJQzWsD8I1n1mgPXq33+/vP4sk8j/z/C2siRuxZtaUA7yMTf71TCZTZl/4e1bfzwUmFb3+rw==",
      "dev": true,
      "optional": true
    },
    "@rollup/rollup-darwin-x64": {
      "version": "4.36.0",
      "resolved": "https://artifactory.corp.adobe.com/artifactory/api/npm/npm-adobe-release/@rollup/rollup-darwin-x64/-/rollup-darwin-x64-4.36.0.tgz",
      "integrity": "sha512-6c6wMZa1lrtiRsbDziCmjE53YbTkxMYhhnWnSW8R/yqsM7a6mSJ3uAVT0t8Y/DGt7gxUWYuFM4bwWk9XCJrFKA==",
      "dev": true,
      "optional": true
    },
    "@rollup/rollup-freebsd-arm64": {
      "version": "4.36.0",
      "resolved": "https://artifactory.corp.adobe.com/artifactory/api/npm/npm-adobe-release/@rollup/rollup-freebsd-arm64/-/rollup-freebsd-arm64-4.36.0.tgz",
      "integrity": "sha512-KXVsijKeJXOl8QzXTsA+sHVDsFOmMCdBRgFmBb+mfEb/7geR7+C8ypAml4fquUt14ZyVXaw2o1FWhqAfOvA4sg==",
      "dev": true,
      "optional": true
    },
    "@rollup/rollup-freebsd-x64": {
      "version": "4.36.0",
      "resolved": "https://artifactory.corp.adobe.com/artifactory/api/npm/npm-adobe-release/@rollup/rollup-freebsd-x64/-/rollup-freebsd-x64-4.36.0.tgz",
      "integrity": "sha512-dVeWq1ebbvByI+ndz4IJcD4a09RJgRYmLccwlQ8bPd4olz3Y213uf1iwvc7ZaxNn2ab7bjc08PrtBgMu6nb4pQ==",
      "dev": true,
      "optional": true
    },
    "@rollup/rollup-linux-arm-gnueabihf": {
      "version": "4.36.0",
      "resolved": "https://artifactory.corp.adobe.com/artifactory/api/npm/npm-adobe-release/@rollup/rollup-linux-arm-gnueabihf/-/rollup-linux-arm-gnueabihf-4.36.0.tgz",
      "integrity": "sha512-bvXVU42mOVcF4le6XSjscdXjqx8okv4n5vmwgzcmtvFdifQ5U4dXFYaCB87namDRKlUL9ybVtLQ9ztnawaSzvg==",
      "dev": true,
      "optional": true
    },
    "@rollup/rollup-linux-arm-musleabihf": {
      "version": "4.36.0",
      "resolved": "https://artifactory.corp.adobe.com/artifactory/api/npm/npm-adobe-release/@rollup/rollup-linux-arm-musleabihf/-/rollup-linux-arm-musleabihf-4.36.0.tgz",
      "integrity": "sha512-JFIQrDJYrxOnyDQGYkqnNBtjDwTgbasdbUiQvcU8JmGDfValfH1lNpng+4FWlhaVIR4KPkeddYjsVVbmJYvDcg==",
      "dev": true,
      "optional": true
    },
    "@rollup/rollup-linux-arm64-gnu": {
      "version": "4.36.0",
      "resolved": "https://artifactory.corp.adobe.com/artifactory/api/npm/npm-adobe-release/@rollup/rollup-linux-arm64-gnu/-/rollup-linux-arm64-gnu-4.36.0.tgz",
      "integrity": "sha512-KqjYVh3oM1bj//5X7k79PSCZ6CvaVzb7Qs7VMWS+SlWB5M8p3FqufLP9VNp4CazJ0CsPDLwVD9r3vX7Ci4J56A==",
      "dev": true,
      "optional": true
    },
    "@rollup/rollup-linux-arm64-musl": {
      "version": "4.36.0",
      "resolved": "https://artifactory.corp.adobe.com/artifactory/api/npm/npm-adobe-release/@rollup/rollup-linux-arm64-musl/-/rollup-linux-arm64-musl-4.36.0.tgz",
      "integrity": "sha512-QiGnhScND+mAAtfHqeT+cB1S9yFnNQ/EwCg5yE3MzoaZZnIV0RV9O5alJAoJKX/sBONVKeZdMfO8QSaWEygMhw==",
      "dev": true,
      "optional": true
    },
    "@rollup/rollup-linux-loongarch64-gnu": {
      "version": "4.36.0",
      "resolved": "https://artifactory.corp.adobe.com/artifactory/api/npm/npm-adobe-release/@rollup/rollup-linux-loongarch64-gnu/-/rollup-linux-loongarch64-gnu-4.36.0.tgz",
      "integrity": "sha512-1ZPyEDWF8phd4FQtTzMh8FQwqzvIjLsl6/84gzUxnMNFBtExBtpL51H67mV9xipuxl1AEAerRBgBwFNpkw8+Lg==",
      "dev": true,
      "optional": true
    },
    "@rollup/rollup-linux-powerpc64le-gnu": {
      "version": "4.36.0",
      "resolved": "https://artifactory.corp.adobe.com/artifactory/api/npm/npm-adobe-release/@rollup/rollup-linux-powerpc64le-gnu/-/rollup-linux-powerpc64le-gnu-4.36.0.tgz",
      "integrity": "sha512-VMPMEIUpPFKpPI9GZMhJrtu8rxnp6mJR3ZzQPykq4xc2GmdHj3Q4cA+7avMyegXy4n1v+Qynr9fR88BmyO74tg==",
      "dev": true,
      "optional": true
    },
    "@rollup/rollup-linux-riscv64-gnu": {
      "version": "4.36.0",
      "resolved": "https://artifactory.corp.adobe.com/artifactory/api/npm/npm-adobe-release/@rollup/rollup-linux-riscv64-gnu/-/rollup-linux-riscv64-gnu-4.36.0.tgz",
      "integrity": "sha512-ttE6ayb/kHwNRJGYLpuAvB7SMtOeQnVXEIpMtAvx3kepFQeowVED0n1K9nAdraHUPJ5hydEMxBpIR7o4nrm8uA==",
      "dev": true,
      "optional": true
    },
    "@rollup/rollup-linux-s390x-gnu": {
      "version": "4.36.0",
      "resolved": "https://artifactory.corp.adobe.com/artifactory/api/npm/npm-adobe-release/@rollup/rollup-linux-s390x-gnu/-/rollup-linux-s390x-gnu-4.36.0.tgz",
      "integrity": "sha512-4a5gf2jpS0AIe7uBjxDeUMNcFmaRTbNv7NxI5xOCs4lhzsVyGR/0qBXduPnoWf6dGC365saTiwag8hP1imTgag==",
      "dev": true,
      "optional": true
    },
    "@rollup/rollup-linux-x64-gnu": {
      "version": "4.36.0",
      "resolved": "https://artifactory.corp.adobe.com/artifactory/api/npm/npm-adobe-release/@rollup/rollup-linux-x64-gnu/-/rollup-linux-x64-gnu-4.36.0.tgz",
      "integrity": "sha512-5KtoW8UWmwFKQ96aQL3LlRXX16IMwyzMq/jSSVIIyAANiE1doaQsx/KRyhAvpHlPjPiSU/AYX/8m+lQ9VToxFQ==",
      "dev": true,
      "optional": true
    },
    "@rollup/rollup-linux-x64-musl": {
      "version": "4.36.0",
      "resolved": "https://artifactory.corp.adobe.com/artifactory/api/npm/npm-adobe-release/@rollup/rollup-linux-x64-musl/-/rollup-linux-x64-musl-4.36.0.tgz",
      "integrity": "sha512-sycrYZPrv2ag4OCvaN5js+f01eoZ2U+RmT5as8vhxiFz+kxwlHrsxOwKPSA8WyS+Wc6Epid9QeI/IkQ9NkgYyQ==",
      "dev": true,
      "optional": true
    },
    "@rollup/rollup-win32-arm64-msvc": {
      "version": "4.36.0",
      "resolved": "https://artifactory.corp.adobe.com/artifactory/api/npm/npm-adobe-release/@rollup/rollup-win32-arm64-msvc/-/rollup-win32-arm64-msvc-4.36.0.tgz",
      "integrity": "sha512-qbqt4N7tokFwwSVlWDsjfoHgviS3n/vZ8LK0h1uLG9TYIRuUTJC88E1xb3LM2iqZ/WTqNQjYrtmtGmrmmawB6A==",
      "dev": true,
      "optional": true
    },
    "@rollup/rollup-win32-ia32-msvc": {
      "version": "4.36.0",
      "resolved": "https://artifactory.corp.adobe.com/artifactory/api/npm/npm-adobe-release/@rollup/rollup-win32-ia32-msvc/-/rollup-win32-ia32-msvc-4.36.0.tgz",
      "integrity": "sha512-t+RY0JuRamIocMuQcfwYSOkmdX9dtkr1PbhKW42AMvaDQa+jOdpUYysroTF/nuPpAaQMWp7ye+ndlmmthieJrQ==",
      "dev": true,
      "optional": true
    },
    "@rollup/rollup-win32-x64-msvc": {
      "version": "4.36.0",
      "resolved": "https://artifactory.corp.adobe.com/artifactory/api/npm/npm-adobe-release/@rollup/rollup-win32-x64-msvc/-/rollup-win32-x64-msvc-4.36.0.tgz",
      "integrity": "sha512-aRXd7tRZkWLqGbChgcMMDEHjOKudo1kChb1Jt1IfR8cY/KIpgNviLeJy5FUb9IpSuQj8dU2fAYNMPW/hLKOSTw==",
      "dev": true,
      "optional": true
    },
    "@types/estree": {
      "version": "1.0.6",
      "resolved": "https://artifactory.corp.adobe.com/artifactory/api/npm/npm-adobe-release/@types/estree/-/estree-1.0.6.tgz",
      "integrity": "sha512-AYnb1nQyY49te+VRAVgmzfcgjYS91mY5P0TKUDCLEM+gNnA+3T6rWITXRLYCpahpqSQbN5cE+gHpnPyXjHWxcw==",
      "dev": true
    },
    "@types/react": {
      "version": "19.0.12",
      "resolved": "https://artifactory.corp.adobe.com/artifactory/api/npm/npm-adobe-release/@types/react/-/react-19.0.12.tgz",
      "integrity": "sha512-V6Ar115dBDrjbtXSrS+/Oruobc+qVbbUxDFC1RSbRqLt5SYvxxyIDrSC85RWml54g+jfNeEMZhEj7wW07ONQhA==",
      "dev": true,
      "requires": {
        "csstype": "^3.0.2"
      }
    },
    "@types/resolve": {
      "version": "1.20.2",
      "resolved": "https://artifactory.corp.adobe.com/artifactory/api/npm/npm-adobe-release/@types/resolve/-/resolve-1.20.2.tgz",
      "integrity": "sha512-60BCwRFOZCQhDncwQdxxeOEEkbc5dIMccYLwbxsS4TUNeVECQ/pBJ0j09mrHOl/JJvpRPGwO9SvE4nR2Nb/a4Q==",
      "dev": true
    },
    "commondir": {
      "version": "1.0.1",
      "resolved": "https://artifactory.corp.adobe.com/artifactory/api/npm/npm-adobe-release/commondir/-/commondir-1.0.1.tgz",
      "integrity": "sha512-W9pAhw0ja1Edb5GVdIF1mjZw/ASI0AlShXM83UUGe2DVr5TdAPEA1OA8m/g8zWp9x6On7gqufY+FatDbC3MDQg==",
      "dev": true
    },
    "csstype": {
      "version": "3.1.3",
      "resolved": "https://artifactory.corp.adobe.com/artifactory/api/npm/npm-adobe-release/csstype/-/csstype-3.1.3.tgz",
      "integrity": "sha512-M1uQkMl8rQK/szD0LNhtqxIPLpimGm8sOBwU7lLnCpSbTyY3yeU1Vc7l4KT5zT4s/yOxHH5O7tIuuLOCnLADRw==",
      "dev": true
    },
    "deepmerge": {
      "version": "4.3.1",
      "resolved": "https://artifactory.corp.adobe.com/artifactory/api/npm/npm-adobe-release/deepmerge/-/deepmerge-4.3.1.tgz",
      "integrity": "sha512-3sUqbMEc77XqpdNO7FRyRog+eW3ph+GYCbj+rK+uYyRMuwsVy0rMiVtPn+QJlKFvWP/1PYpapqYn0Me2knFn+A==",
      "dev": true
    },
    "estree-walker": {
      "version": "2.0.2",
      "resolved": "https://artifactory.corp.adobe.com/artifactory/api/npm/npm-adobe-release/estree-walker/-/estree-walker-2.0.2.tgz",
      "integrity": "sha512-Rfkk/Mp/DL7JVje3u18FxFujQlTNR2q6QfMSMB7AvCBx91NGj/ba3kCfza0f6dVDbw7YlRf/nDrn7pQrCCyQ/w==",
      "dev": true
    },
    "fdir": {
      "version": "6.4.3",
      "resolved": "https://artifactory.corp.adobe.com/artifactory/api/npm/npm-adobe-release/fdir/-/fdir-6.4.3.tgz",
      "integrity": "sha512-PMXmW2y1hDDfTSRc9gaXIuCCRpuoz3Kaz8cUelp3smouvfT632ozg2vrT6lJsHKKOF59YLbOGfAWGUcKEfRMQw==",
      "dev": true,
      "requires": {}
    },
    "fsevents": {
      "version": "2.3.3",
      "resolved": "https://artifactory.corp.adobe.com/artifactory/api/npm/npm-adobe-release/fsevents/-/fsevents-2.3.3.tgz",
      "integrity": "sha512-5xoDfX+fL7faATnagmWPpbFtwh/R77WmMMqqHGS65C3vvB0YHrgF+B1YmZ3441tMj5n63k0212XNoJwzlhffQw==",
      "dev": true,
      "optional": true
    },
    "function-bind": {
      "version": "1.1.2",
      "resolved": "https://artifactory.corp.adobe.com/artifactory/api/npm/npm-adobe-release/function-bind/-/function-bind-1.1.2.tgz",
      "integrity": "sha512-7XHNxH7qX9xG5mIwxkhumTox/MIRNcOgDrxWsMt2pAr23WHp6MrRlN7FBSFpCpr+oVO0F744iUgR82nJMfG2SA==",
      "dev": true
    },
    "hasown": {
      "version": "2.0.2",
      "resolved": "https://artifactory.corp.adobe.com/artifactory/api/npm/npm-adobe-release/hasown/-/hasown-2.0.2.tgz",
      "integrity": "sha512-0hJU9SCPvmMzIBdZFqNPXWa6dqh7WdH0cII9y+CyS8rG3nL48Bclra9HmKhVVUHyPWNH5Y7xDwAB7bfgSjkUMQ==",
      "dev": true,
      "requires": {
        "function-bind": "^1.1.2"
      }
    },
    "is-core-module": {
      "version": "2.16.1",
      "resolved": "https://artifactory.corp.adobe.com/artifactory/api/npm/npm-adobe-release/is-core-module/-/is-core-module-2.16.1.tgz",
      "integrity": "sha512-UfoeMA6fIJ8wTYFEUjelnaGI67v6+N7qXJEvQuIGa99l4xsCruSYOVSQ0uPANn4dAzm8lkYPaKLrrijLq7x23w==",
      "dev": true,
      "requires": {
        "hasown": "^2.0.2"
      }
    },
    "is-module": {
      "version": "1.0.0",
      "resolved": "https://artifactory.corp.adobe.com/artifactory/api/npm/npm-adobe-release/is-module/-/is-module-1.0.0.tgz",
      "integrity": "sha512-51ypPSPCoTEIN9dy5Oy+h4pShgJmPCygKfyRCISBI+JoWT/2oJvK8QPxmwv7b/p239jXrm9M1mlQbyKJ5A152g==",
      "dev": true
    },
    "is-reference": {
      "version": "1.2.1",
      "resolved": "https://artifactory.corp.adobe.com/artifactory/api/npm/npm-adobe-release/is-reference/-/is-reference-1.2.1.tgz",
      "integrity": "sha512-U82MsXXiFIrjCK4otLT+o2NA2Cd2g5MLoOVXUZjIOhLurrRxpEXzI8O0KZHr3IjLvlAH1kTPYSuqer5T9ZVBKQ==",
      "dev": true,
      "requires": {
        "@types/estree": "*"
      }
    },
    "magic-string": {
      "version": "0.30.17",
      "resolved": "https://artifactory.corp.adobe.com/artifactory/api/npm/npm-adobe-release/magic-string/-/magic-string-0.30.17.tgz",
      "integrity": "sha512-sNPKHvyjVf7gyjwS4xGTaW/mCnF8wnjtifKBEhxfZ7E/S8tQ0rssrwGNn6q8JH/ohItJfSQp9mBtQYuTlH5QnA==",
      "dev": true,
      "requires": {
        "@jridgewell/sourcemap-codec": "^1.5.0"
      }
    },
    "path-parse": {
      "version": "1.0.7",
      "resolved": "https://artifactory.corp.adobe.com/artifactory/api/npm/npm-adobe-release/path-parse/-/path-parse-1.0.7.tgz",
      "integrity": "sha512-LDJzPVEEEPR+y48z93A0Ed0yXb8pAByGWo/k5YYdYgpY2/2EsOsksJrq7lOHxryrVOn1ejG6oAp8ahvOIQD8sw==",
      "dev": true
    },
    "picomatch": {
      "version": "4.0.2",
      "resolved": "https://artifactory.corp.adobe.com/artifactory/api/npm/npm-adobe-release/picomatch/-/picomatch-4.0.2.tgz",
      "integrity": "sha512-M7BAV6Rlcy5u+m6oPhAPFgJTzAioX/6B0DxyvDlo9l8+T3nLKbrczg2WLUyzd45L8RqfUMyGPzekbMvX2Ldkwg==",
      "dev": true
    },
    "react": {
      "version": "19.0.0",
      "resolved": "https://artifactory.corp.adobe.com/artifactory/api/npm/npm-adobe-release/react/-/react-19.0.0.tgz",
      "integrity": "sha512-V8AVnmPIICiWpGfm6GLzCR/W5FXLchHop40W4nXBmdlEceh16rCN8O8LNWm5bh5XUX91fh7KpA+W0TgMKmgTpQ=="
    },
    "react-dom": {
      "version": "19.0.0",
      "resolved": "https://artifactory.corp.adobe.com/artifactory/api/npm/npm-adobe-release/react-dom/-/react-dom-19.0.0.tgz",
      "integrity": "sha512-4GV5sHFG0e/0AD4X+ySy6UJd3jVl1iNsNHdpad0qhABJ11twS3TTBnseqsKurKcsNqCEFeGL3uLpVChpIO3QfQ==",
      "requires": {
        "scheduler": "^0.25.0"
      }
    },
    "resolve": {
      "version": "1.22.10",
      "resolved": "https://artifactory.corp.adobe.com/artifactory/api/npm/npm-adobe-release/resolve/-/resolve-1.22.10.tgz",
      "integrity": "sha512-NPRy+/ncIMeDlTAsuqwKIiferiawhefFJtkNSW0qZJEqMEb+qBt/77B/jGeeek+F0uOeN05CDa6HXbbIgtVX4w==",
      "dev": true,
      "requires": {
        "is-core-module": "^2.16.0",
        "path-parse": "^1.0.7",
        "supports-preserve-symlinks-flag": "^1.0.0"
      }
    },
    "rollup": {
      "version": "4.36.0",
      "resolved": "https://artifactory.corp.adobe.com/artifactory/api/npm/npm-adobe-release/rollup/-/rollup-4.36.0.tgz",
      "integrity": "sha512-zwATAXNQxUcd40zgtQG0ZafcRK4g004WtEl7kbuhTWPvf07PsfohXl39jVUvPF7jvNAIkKPQ2XrsDlWuxBd++Q==",
      "dev": true,
      "requires": {
        "@rollup/rollup-android-arm-eabi": "4.36.0",
        "@rollup/rollup-android-arm64": "4.36.0",
        "@rollup/rollup-darwin-arm64": "4.36.0",
        "@rollup/rollup-darwin-x64": "4.36.0",
        "@rollup/rollup-freebsd-arm64": "4.36.0",
        "@rollup/rollup-freebsd-x64": "4.36.0",
        "@rollup/rollup-linux-arm-gnueabihf": "4.36.0",
        "@rollup/rollup-linux-arm-musleabihf": "4.36.0",
        "@rollup/rollup-linux-arm64-gnu": "4.36.0",
        "@rollup/rollup-linux-arm64-musl": "4.36.0",
        "@rollup/rollup-linux-loongarch64-gnu": "4.36.0",
        "@rollup/rollup-linux-powerpc64le-gnu": "4.36.0",
        "@rollup/rollup-linux-riscv64-gnu": "4.36.0",
        "@rollup/rollup-linux-s390x-gnu": "4.36.0",
        "@rollup/rollup-linux-x64-gnu": "4.36.0",
        "@rollup/rollup-linux-x64-musl": "4.36.0",
        "@rollup/rollup-win32-arm64-msvc": "4.36.0",
        "@rollup/rollup-win32-ia32-msvc": "4.36.0",
        "@rollup/rollup-win32-x64-msvc": "4.36.0",
        "@types/estree": "1.0.6",
        "fsevents": "~2.3.2"
      }
    },
    "scheduler": {
      "version": "0.25.0",
      "resolved": "https://artifactory.corp.adobe.com/artifactory/api/npm/npm-adobe-release/scheduler/-/scheduler-0.25.0.tgz",
      "integrity": "sha512-xFVuu11jh+xcO7JOAGJNOXld8/TcEHK/4CituBUeUb5hqxJLj9YuemAEuvm9gQ/+pgXYfbQuqAkiYu+u7YEsNA=="
    },
    "supports-preserve-symlinks-flag": {
      "version": "1.0.0",
      "resolved": "https://artifactory.corp.adobe.com/artifactory/api/npm/npm-adobe-release/supports-preserve-symlinks-flag/-/supports-preserve-symlinks-flag-1.0.0.tgz",
      "integrity": "sha512-ot0WnXS9fgdkgIcePe6RHNk1WA8+muPa6cSjeR3V8K27q9BB1rTE3R1p7Hv0z1ZyAc8s6Vvv8DIyWf681MAt0w==",
      "dev": true
    },
    "tslib": {
      "version": "2.8.1",
      "resolved": "https://artifactory.corp.adobe.com/artifactory/api/npm/npm-adobe-release/tslib/-/tslib-2.8.1.tgz",
      "integrity": "sha512-oJFu94HQb+KVduSUQL7wnpmqnfmLsOA/nAh6b6EH0wCEoK0/mPeXU6c3wKDV83MkOuHPRHtSXKKU99IBazS/2w==",
      "dev": true
    },
    "typescript": {
      "version": "5.8.2",
      "resolved": "https://artifactory.corp.adobe.com/artifactory/api/npm/npm-adobe-release/typescript/-/typescript-5.8.2.tgz",
      "integrity": "sha512-aJn6wq13/afZp/jT9QZmwEjDqqvSGp1VT5GVg+f/t6/oVyrgXM6BY1h9BRh/O5p3PlUPAe+WuiEZOmb/49RqoQ==",
      "dev": true
    }
  }
}
